
Microsoft Visual Studio Solution File, Format Version 12.00
# Visual Studio Version 17
VisualStudioVersion = 17.0.31912.275
MinimumVisualStudioVersion = 10.0.40219.1
Project("{FAE04EC0-301F-11D3-BF4B-00C04F79EFBC}") = "Dotnet-WebApi-GraphQl", "Dotnet-WebApi-GraphQl\Dotnet-WebApi-GraphQl.csproj", "{6EDC0628-C325-4091-B722-12454E30D5F7}"
EndProject
Global
	GlobalSection(SolutionConfigurationPlatforms) = preSolution
		Debug|Any CPU = Debug|Any CPU
		Release|Any CPU = Release|Any CPU
	EndGlobalSection
	GlobalSection(ProjectConfigurationPlatforms) = postSolution
		{6EDC0628-C325-4091-B722-12454E30D5F7}.Debug|Any CPU.ActiveCfg = Debug|Any CPU
		{6EDC0628-C325-4091-B722-12454E30D5F7}.Debug|Any CPU.Build.0 = Debug|Any CPU
		{6EDC0628-C325-4091-B722-12454E30D5F7}.Release|Any CPU.ActiveCfg = Release|Any CPU
		{6EDC0628-C325-4091-B722-12454E30D5F7}.Release|Any CPU.Build.0 = Release|Any CPU
	EndGlobalSection
	GlobalSection(SolutionProperties) = preSolution
		HideSolutionNode = FALSE
	EndGlobalSection
	GlobalSection(ExtensibilityGlobals) = postSolution
		SolutionGuid = {E2FC3D66-2156-4646-873C-AD338CBD28B1}
	EndGlobalSection
EndGlobal
